{
  "projects": [
    {
      "projectId": "seaQhLVS4bbjiGvJJrRwyL",
      "version": "15.0.3",
      "dependencies": {},
      "lang": "js",
      "fileLocks": [
        {
          "assetId": "seaQhLVS4bbjiGvJJrRwyL",
          "type": "projectCss",
          "checksum": "96d0c5256c70ddefc2366d3580ce9213"
        }
      ],
      "codegenVersion": "0.0.1"
    },
    {
      "projectId": "qsjy1QNDN9YtWHkz6hQyNv",
      "version": "latest",
      "dependencies": {
        "seaQhLVS4bbjiGvJJrRwyL": "15.0.3"
      },
      "lang": "js",
      "fileLocks": [
        {
          "type": "globalVariant",
          "assetId": "Kk9vbBCwbMADgY",
          "checksum": "542f5c5cfcba3cfe1fc8cfb80a3dedb5"
        },
        {
          "assetId": "qsjy1QNDN9YtWHkz6hQyNv",
          "type": "projectCss",
          "checksum": "9208b905d3edbde56e1fefd466414067"
        },
        {
          "type": "renderModule",
          "assetId": "f7RBg2TRTeJCY",
          "checksum": "4f5cd209c918d765e5f32af863549865"
        },
        {
          "type": "cssRules",
          "assetId": "f7RBg2TRTeJCY",
          "checksum": "4f5cd209c918d765e5f32af863549865"
        },
        {
          "type": "renderModule",
          "assetId": "v4jG8kQTLsahS",
          "checksum": "0b6e95c68ddf5ddf4db312e20b3b1406"
        },
        {
          "type": "cssRules",
          "assetId": "v4jG8kQTLsahS",
          "checksum": "0b6e95c68ddf5ddf4db312e20b3b1406"
        },
        {
          "type": "renderModule",
          "assetId": "_DEAkMPSWHhIX",
          "checksum": "4b9b1803fe3df75071273cce9855403b"
        },
        {
          "type": "cssRules",
          "assetId": "_DEAkMPSWHhIX",
          "checksum": "4b9b1803fe3df75071273cce9855403b"
        },
        {
          "type": "renderModule",
          "assetId": "6gQw-no6yrM7U",
          "checksum": "ee5dffb12d5cd6d6636ad88a2ce65d9e"
        },
        {
          "type": "cssRules",
          "assetId": "6gQw-no6yrM7U",
          "checksum": "ee5dffb12d5cd6d6636ad88a2ce65d9e"
        },
        {
          "type": "renderModule",
          "assetId": "DJ3QnguB9Qnac",
          "checksum": "a074fa52b8ed81a48d58838c053f1e40"
        },
        {
          "type": "cssRules",
          "assetId": "DJ3QnguB9Qnac",
          "checksum": "a074fa52b8ed81a48d58838c053f1e40"
        },
        {
          "type": "renderModule",
          "assetId": "hwLJ9MvhnklLR",
          "checksum": "3359bc0c41ebd1820437abe74f02cc9b"
        },
        {
          "type": "cssRules",
          "assetId": "hwLJ9MvhnklLR",
          "checksum": "3359bc0c41ebd1820437abe74f02cc9b"
        },
        {
          "type": "renderModule",
          "assetId": "1rWKV6EBkiE2aE",
          "checksum": "b6c6b05debc75834ded5ef3b2c1d95b4"
        },
        {
          "type": "cssRules",
          "assetId": "1rWKV6EBkiE2aE",
          "checksum": "b6c6b05debc75834ded5ef3b2c1d95b4"
        },
        {
          "type": "renderModule",
          "assetId": "-zFB_B8aa79Igt",
          "checksum": "fcbc0fee47ad82ccfe79fc93f020f3ca"
        },
        {
          "type": "cssRules",
          "assetId": "-zFB_B8aa79Igt",
          "checksum": "fcbc0fee47ad82ccfe79fc93f020f3ca"
        },
        {
          "type": "renderModule",
          "assetId": "DFTZ4FsKYIVTEH",
          "checksum": "8423f7a427933dee7b97634903c70e7a"
        },
        {
          "type": "cssRules",
          "assetId": "DFTZ4FsKYIVTEH",
          "checksum": "8423f7a427933dee7b97634903c70e7a"
        },
        {
          "type": "renderModule",
          "assetId": "cnOxhC7Ot7prNi",
          "checksum": "9c70b250233ad66393f07a40110d3dbb"
        },
        {
          "type": "cssRules",
          "assetId": "cnOxhC7Ot7prNi",
          "checksum": "9c70b250233ad66393f07a40110d3dbb"
        },
        {
          "type": "renderModule",
          "assetId": "c6eLMG2bIwq0ID",
          "checksum": "90be9f18c08ad22018c90a82de2c2c38"
        },
        {
          "type": "cssRules",
          "assetId": "c6eLMG2bIwq0ID",
          "checksum": "90be9f18c08ad22018c90a82de2c2c38"
        },
        {
          "type": "renderModule",
          "assetId": "Xz3qZuX73tHZGy",
          "checksum": "cf2719133fd3dcc8e71fce8f80a46002"
        },
        {
          "type": "cssRules",
          "assetId": "Xz3qZuX73tHZGy",
          "checksum": "cf2719133fd3dcc8e71fce8f80a46002"
        },
        {
          "type": "renderModule",
          "assetId": "qjGnbFdja6Cna6",
          "checksum": "6316e2f84343cb9a5d643193d0efd547"
        },
        {
          "type": "cssRules",
          "assetId": "qjGnbFdja6Cna6",
          "checksum": "6316e2f84343cb9a5d643193d0efd547"
        },
        {
          "type": "renderModule",
          "assetId": "SKZU8nUhOvjKP5",
          "checksum": "5ef0dbf4a58d0fce638754cd1357f009"
        },
        {
          "type": "cssRules",
          "assetId": "SKZU8nUhOvjKP5",
          "checksum": "5ef0dbf4a58d0fce638754cd1357f009"
        },
        {
          "type": "renderModule",
          "assetId": "cl3lSb3Ph6uK45",
          "checksum": "89fd9a82080eec3362e3eb834ee5f7f7"
        },
        {
          "type": "cssRules",
          "assetId": "cl3lSb3Ph6uK45",
          "checksum": "89fd9a82080eec3362e3eb834ee5f7f7"
        },
        {
          "type": "renderModule",
          "assetId": "0ADYCztlr3EHXz",
          "checksum": "0ae0427c4589fec74b2dc89d9a664fbc"
        },
        {
          "type": "cssRules",
          "assetId": "0ADYCztlr3EHXz",
          "checksum": "0ae0427c4589fec74b2dc89d9a664fbc"
        },
        {
          "type": "renderModule",
          "assetId": "rj77NDhjwwAh1v",
          "checksum": "6c7f3cb75c614022156a054ecc89ffbe"
        },
        {
          "type": "cssRules",
          "assetId": "rj77NDhjwwAh1v",
          "checksum": "6c7f3cb75c614022156a054ecc89ffbe"
        },
        {
          "type": "icon",
          "assetId": "7fbhOnyypS_EQO",
          "checksum": "6bd714f0df796527298c2bd3e4591f8b"
        },
        {
          "type": "icon",
          "assetId": "zgHRLARJU3D2xw",
          "checksum": "94a645e5cd689441d1801ecfefe06505"
        },
        {
          "type": "icon",
          "assetId": "NlFpRw_FDymUfU",
          "checksum": "26263bee1c135f2977e055ad82fe4675"
        },
        {
          "type": "icon",
          "assetId": "e9udkj-cgxbUvQ",
          "checksum": "07a4ffeeabb89971bdd6844a775a96f7"
        },
        {
          "type": "icon",
          "assetId": "bmI1Pjrrys2him",
          "checksum": "6943ca0217aae40f8b272ef7242f47a8"
        },
        {
          "type": "icon",
          "assetId": "UNIgCkS2hTaDOj",
          "checksum": "9736e8d60a57cb2481ae510ebd4bb441"
        },
        {
          "type": "icon",
          "assetId": "6Dl7TfXxyw_P5S",
          "checksum": "b8a01456ebc8c3015e26ed8c9c64c416"
        },
        {
          "type": "icon",
          "assetId": "W6-OjjzOSBYTbq",
          "checksum": "5b95ee5b7f8cf887faa4570d88bfdb7a"
        },
        {
          "type": "icon",
          "assetId": "Oe9x9_hVW7pOOl",
          "checksum": "9196ea3a8daf108e6aa6b1db968194eb"
        },
        {
          "type": "icon",
          "assetId": "fjmVTKr9Zt542u",
          "checksum": "abe990ff143e37dbac9547a58da30bcc"
        },
        {
          "type": "icon",
          "assetId": "PyjJdIwzhCL90s",
          "checksum": "a3c88e72b978234a1b9f5973923d9925"
        },
        {
          "type": "icon",
          "assetId": "-Yt07iCPNihO-V",
          "checksum": "add557374d5e434957223c0b50fec4fb"
        },
        {
          "type": "icon",
          "assetId": "kAkoSWqKszBZIG",
          "checksum": "a33a060795e8b404a13e878de9baa672"
        },
        {
          "type": "icon",
          "assetId": "UUEcYfX182oQfU",
          "checksum": "caf396624825adb22a323df0ad726ff8"
        },
        {
          "type": "icon",
          "assetId": "8ftzApJP_JDpKJ",
          "checksum": "56249279ff5aeecd70d32b93d9f7ce0e"
        },
        {
          "type": "icon",
          "assetId": "n95zm_vzI6tQfN",
          "checksum": "63c593b7ceab26280b41bcbb8ce3f6f6"
        },
        {
          "type": "icon",
          "assetId": "UM3Zrz-0d12-hP",
          "checksum": "e1b51074d3a2e80be2d19862d423109b"
        },
        {
          "type": "icon",
          "assetId": "WqYbGIp9dIUmfe",
          "checksum": "112745876191f1472b8290ba47fa84a9"
        },
        {
          "type": "icon",
          "assetId": "2WoEWFJ01mv-QA",
          "checksum": "d7a9a9f4f0d293035118f3e746c9d546"
        },
        {
          "type": "icon",
          "assetId": "jwZHfno5EFA9wh",
          "checksum": "7c7e907a06bb3e5ab8f147334416d901"
        },
        {
          "type": "icon",
          "assetId": "o-Q8R33GsfZZEF",
          "checksum": "17915bd8d0885c1ae6e99a6061bbbe96"
        },
        {
          "type": "icon",
          "assetId": "ZzM8ezyXJttSxL",
          "checksum": "f567715cdffaa87f49115fd433b196d2"
        },
        {
          "type": "image",
          "assetId": "sKDMxekEDZTtcN",
          "checksum": "66f421064dd6228cff9ab7b2f78b9faf"
        },
        {
          "type": "image",
          "assetId": "pDIyj-aI0B6BLE",
          "checksum": "b697c5e61df6c344868fe62219065c19"
        },
        {
          "type": "image",
          "assetId": "D7RrEIQYqlVnR9",
          "checksum": "51a0ab7db78e2d5155982fa94207615f"
        },
        {
          "type": "image",
          "assetId": "LP_RJr70gVGPuY",
          "checksum": "3f6735faa6f399b65cf7de141c5a26d4"
        }
      ],
      "codegenVersion": "0.0.1"
    }
  ],
  "cliVersion": "0.1.178"
}
